// !$*UTF8*$!
{
	archiveVersion = 1;
	classes = {
	};
	objectVersion = 50;
	objects = {

/* Begin PBXBuildFile section */
		B4AE224F26A34C170076B677 /* LazyGridsDemoApp.swift in Sources */ = {isa = PBXBuildFile; fileRef = B4AE224E26A34C170076B677 /* LazyGridsDemoApp.swift */; };
		B4AE225126A34C170076B677 /* ContentView.swift in Sources */ = {isa = PBXBuildFile; fileRef = B4AE225026A34C170076B677 /* ContentView.swift */; };
		B4AE225326A34C180076B677 /* Assets.xcassets in Resources */ = {isa = PBXBuildFile; fileRef = B4AE225226A34C180076B677 /* Assets.xcassets */; };
		B4AE225626A34C180076B677 /* Preview Assets.xcassets in Resources */ = {isa = PBXBuildFile; fileRef = B4AE225526A34C180076B677 /* Preview Assets.xcassets */; };
		B4AE226126A34C180076B677 /* LazyGridsDemoTests.swift in Sources */ = {isa = PBXBuildFile; fileRef = B4AE226026A34C180076B677 /* LazyGridsDemoTests.swift */; };
		B4AE226C26A34C180076B677 /* LazyGridsDemoUITests.swift in Sources */ = {isa = PBXBuildFile; fileRef = B4AE226B26A34C180076B677 /* LazyGridsDemoUITests.swift */; };
/* End PBXBuildFile section */

/* Begin PBXContainerItemProxy section */
		B4AE225D26A34C180076B677 /* PBXContainerItemProxy */ = {
			isa = PBXContainerItemProxy;
			containerPortal = B4AE224326A34C170076B677 /* Project object */;
			proxyType = 1;
			remoteGlobalIDString = B4AE224A26A34C170076B677;
			remoteInfo = LazyGridsDemo;
		};
		B4AE226826A34C180076B677 /* PBXContainerItemProxy */ = {
			isa = PBXContainerItemProxy;
			containerPortal = B4AE224326A34C170076B677 /* Project object */;
			proxyType = 1;
			remoteGlobalIDString = B4AE224A26A34C170076B677;
			remoteInfo = LazyGridsDemo;
		};
/* End PBXContainerItemProxy section */

/* Begin PBXFileReference section */
		B4AE224B26A34C170076B677 /* LazyGridsDemo.app */ = {isa = PBXFileReference; explicitFileType = wrapper.application; includeInIndex = 0; path = LazyGridsDemo.app; sourceTree = BUILT_PRODUCTS_DIR; };
		B4AE224E26A34C170076B677 /* LazyGridsDemoApp.swift */ = {isa = PBXFileReference; lastKnownFileType = sourcecode.swift; path = LazyGridsDemoApp.swift; sourceTree = "<group>"; };
		B4AE225026A34C170076B677 /* ContentView.swift */ = {isa = PBXFileReference; lastKnownFileType = sourcecode.swift; path = ContentView.swift; sourceTree = "<group>"; };
		B4AE225226A34C180076B677 /* Assets.xcassets */ = {isa = PBXFileReference; lastKnownFileType = folder.assetcatalog; path = Assets.xcassets; sourceTree = "<group>"; };
		B4AE225526A34C180076B677 /* Preview Assets.xcassets */ = {isa = PBXFileReference; lastKnownFileType = folder.assetcatalog; path = "Preview Assets.xcassets"; sourceTree = "<group>"; };
		B4AE225726A34C180076B677 /* Info.plist */ = {isa = PBXFileReference; lastKnownFileType = text.plist.xml; path = Info.plist; sourceTree = "<group>"; };
		B4AE225C26A34C180076B677 /* LazyGridsDemoTests.xctest */ = {isa = PBXFileReference; explicitFileType = wrapper.cfbundle; includeInIndex = 0; path = LazyGridsDemoTests.xctest; sourceTree = BUILT_PRODUCTS_DIR; };
		B4AE226026A34C180076B677 /* LazyGridsDemoTests.swift */ = {isa = PBXFileReference; lastKnownFileType = sourcecode.swift; path = LazyGridsDemoTests.swift; sourceTree = "<group>"; };
		B4AE226226A34C180076B677 /* Info.plist */ = {isa = PBXFileReference; lastKnownFileType = text.plist.xml; path = Info.plist; sourceTree = "<group>"; };
		B4AE226726A34C180076B677 /* LazyGridsDemoUITests.xctest */ = {isa = PBXFileReference; explicitFileType = wrapper.cfbundle; includeInIndex = 0; path = LazyGridsDemoUITests.xctest; sourceTree = BUILT_PRODUCTS_DIR; };
		B4AE226B26A34C180076B677 /* LazyGridsDemoUITests.swift */ = {isa = PBXFileReference; lastKnownFileType = sourcecode.swift; path = LazyGridsDemoUITests.swift; sourceTree = "<group>"; };
		B4AE226D26A34C180076B677 /* Info.plist */ = {isa = PBXFileReference; lastKnownFileType = text.plist.xml; path = Info.plist; sourceTree = "<group>"; };
/* End PBXFileReference section */

/* Begin PBXFrameworksBuildPhase section */
		B4AE224826A34C170076B677 /* Frameworks */ = {
			isa = PBXFrameworksBuildPhase;
			buildActionMask = 2147483647;
			files = (
			);
			runOnlyForDeploymentPostprocessing = 0;
		};
		B4AE225926A34C180076B677 /* Frameworks */ = {
			isa = PBXFrameworksBuildPhase;
			buildActionMask = 2147483647;
			files = (
			);
			runOnlyForDeploymentPostprocessing = 0;
		};
		B4AE226426A34C180076B677 /* Frameworks */ = {
			isa = PBXFrameworksBuildPhase;
			buildActionMask = 2147483647;
			files = (
			);
			runOnlyForDeploymentPostprocessing = 0;
		};
/* End PBXFrameworksBuildPhase section */

/* Begin PBXGroup section */
		B4AE224226A34C170076B677 = {
			isa = PBXGroup;
			children = (
				B4AE224D26A34C170076B677 /* LazyGridsDemo */,
				B4AE225F26A34C180076B677 /* LazyGridsDemoTests */,
				B4AE226A26A34C180076B677 /* LazyGridsDemoUITests */,
				B4AE224C26A34C170076B677 /* Products */,
			);
			sourceTree = "<group>";
		};
		B4AE224C26A34C170076B677 /* Products */ = {
			isa = PBXGroup;
			children = (
				B4AE224B26A34C170076B677 /* LazyGridsDemo.app */,
				B4AE225C26A34C180076B677 /* LazyGridsDemoTests.xctest */,
				B4AE226726A34C180076B677 /* LazyGridsDemoUITests.xctest */,
			);
			name = Products;
			sourceTree = "<group>";
		};
		B4AE224D26A34C170076B677 /* LazyGridsDemo */ = {
			isa = PBXGroup;
			children = (
				B4AE224E26A34C170076B677 /* LazyGridsDemoApp.swift */,
				B4AE225026A34C170076B677 /* ContentView.swift */,
				B4AE225226A34C180076B677 /* Assets.xcassets */,
				B4AE225726A34C180076B677 /* Info.plist */,
				B4AE225426A34C180076B677 /* Preview Content */,
			);
			path = LazyGridsDemo;
			sourceTree = "<group>";
		};
		B4AE225426A34C180076B677 /* Preview Content */ = {
			isa = PBXGroup;
			children = (
				B4AE225526A34C180076B677 /* Preview Assets.xcassets */,
			);
			path = "Preview Content";
			sourceTree = "<group>";
		};
		B4AE225F26A34C180076B677 /* LazyGridsDemoTests */ = {
			isa = PBXGroup;
			children = (
				B4AE226026A34C180076B677 /* LazyGridsDemoTests.swift */,
				B4AE226226A34C180076B677 /* Info.plist */,
			);
			path = LazyGridsDemoTests;
			sourceTree = "<group>";
		};
		B4AE226A26A34C180076B677 /* LazyGridsDemoUITests */ = {
			isa = PBXGroup;
			children = (
				B4AE226B26A34C180076B677 /* LazyGridsDemoUITests.swift */,
				B4AE226D26A34C180076B677 /* Info.plist */,
			);
			path = LazyGridsDemoUITests;
			sourceTree = "<group>";
		};
/* End PBXGroup section */

/* Begin PBXNativeTarget section */
		B4AE224A26A34C170076B677 /* LazyGridsDemo */ = {
			isa = PBXNativeTarget;
			buildConfigurationList = B4AE227026A34C180076B677 /* Build configuration list for PBXNativeTarget "LazyGridsDemo" */;
			buildPhases = (
				B4AE224726A34C170076B677 /* Sources */,
				B4AE224826A34C170076B677 /* Frameworks */,
				B4AE224926A34C170076B677 /* Resources */,
			);
			buildRules = (
			);
			dependencies = (
			);
			name = LazyGridsDemo;
			productName = LazyGridsDemo;
			productReference = B4AE224B26A34C170076B677 /* LazyGridsDemo.app */;
			productType = "com.apple.product-type.application";
		};
		B4AE225B26A34C180076B677 /* LazyGridsDemoTests */ = {
			isa = PBXNativeTarget;
			buildConfigurationList = B4AE227326A34C180076B677 /* Build configuration list for PBXNativeTarget "LazyGridsDemoTests" */;
			buildPhases = (
				B4AE225826A34C180076B677 /* Sources */,
				B4AE225926A34C180076B677 /* Frameworks */,
				B4AE225A26A34C180076B677 /* Resources */,
			);
			buildRules = (
			);
			dependencies = (
				B4AE225E26A34C180076B677 /* PBXTargetDependency */,
			);
			name = LazyGridsDemoTests;
			productName = LazyGridsDemoTests;
			productReference = B4AE225C26A34C180076B677 /* LazyGridsDemoTests.xctest */;
			productType = "com.apple.product-type.bundle.unit-test";
		};
		B4AE226626A34C180076B677 /* LazyGridsDemoUITests */ = {
			isa = PBXNativeTarget;
			buildConfigurationList = B4AE227626A34C180076B677 /* Build configuration list for PBXNativeTarget "LazyGridsDemoUITests" */;
			buildPhases = (
				B4AE226326A34C180076B677 /* Sources */,
				B4AE226426A34C180076B677 /* Frameworks */,
				B4AE226526A34C180076B677 /* Resources */,
			);
			buildRules = (
			);
			dependencies = (
				B4AE226926A34C180076B677 /* PBXTargetDependency */,
			);
			name = LazyGridsDemoUITests;
			productName = LazyGridsDemoUITests;
			productReference = B4AE226726A34C180076B677 /* LazyGridsDemoUITests.xctest */;
			productType = "com.apple.product-type.bundle.ui-testing";
		};
/* End PBXNativeTarget section */

/* Begin PBXProject section */
		B4AE224326A34C170076B677 /* Project object */ = {
			isa = PBXProject;
			attributes = {
				LastSwiftUpdateCheck = 1220;
				LastUpgradeCheck = 1220;
				TargetAttributes = {
					B4AE224A26A34C170076B677 = {
						CreatedOnToolsVersion = 12.2;
					};
					B4AE225B26A34C180076B677 = {
						CreatedOnToolsVersion = 12.2;
						TestTargetID = B4AE224A26A34C170076B677;
					};
					B4AE226626A34C180076B677 = {
						CreatedOnToolsVersion = 12.2;
						TestTargetID = B4AE224A26A34C170076B677;
					};
				};
			};
			buildConfigurationList = B4AE224626A34C170076B677 /* Build configuration list for PBXProject "LazyGridsDemo" */;
			compatibilityVersion = "Xcode 9.3";
			developmentRegion = en;
			hasScannedForEncodings = 0;
			knownRegions = (
				en,
				Base,
			);
			mainGroup = B4AE224226A34C170076B677;
			productRefGroup = B4AE224C26A34C170076B677 /* Products */;
			projectDirPath = "";
			projectRoot = "";
			targets = (
				B4AE224A26A34C170076B677 /* LazyGridsDemo */,
				B4AE225B26A34C180076B677 /* LazyGridsDemoTests */,
				B4AE226626A34C180076B677 /* LazyGridsDemoUITests */,
			);
		};
/* End PBXProject section */

/* Begin PBXResourcesBuildPhase section */
		B4AE224926A34C170076B677 /* Resources */ = {
			isa = PBXResourcesBuildPhase;
			buildActionMask = 2147483647;
			files = (
				B4AE225626A34C180076B677 /* Preview Assets.xcassets in Resources */,
				B4AE225326A34C180076B677 /* Assets.xcassets in Resources */,
			);
			runOnlyForDeploymentPostprocessing = 0;
		};
		B4AE225A26A34C180076B677 /* Resources */ = {
			isa = PBXResourcesBuildPhase;
			buildActionMask = 2147483647;
			files = (
			);
			runOnlyForDeploymentPostprocessing = 0;
		};
		B4AE226526A34C180076B677 /* Resources */ = {
			isa = PBXResourcesBuildPhase;
			buildActionMask = 2147483647;
			files = (
			);
			runOnlyForDeploymentPostprocessing = 0;
		};
/* End PBXResourcesBuildPhase section */

/* Begin PBXSourcesBuildPhase section */
		B4AE224726A34C170076B677 /* Sources */ = {
			isa = PBXSourcesBuildPhase;
			buildActionMask = 2147483647;
			files = (
				B4AE225126A34C170076B677 /* ContentView.swift in Sources */,
				B4AE224F26A34C170076B677 /* LazyGridsDemoApp.swift in Sources */,
			);
			runOnlyForDeploymentPostprocessing = 0;
		};
		B4AE225826A34C180076B677 /* Sources */ = {
			isa = PBXSourcesBuildPhase;
			buildActionMask = 2147483647;
			files = (
				B4AE226126A34C180076B677 /* LazyGridsDemoTests.swift in Sources */,
			);
			runOnlyForDeploymentPostprocessing = 0;
		};
		B4AE226326A34C180076B677 /* Sources */ = {
			isa = PBXSourcesBuildPhase;
			buildActionMask = 2147483647;
			files = (
				B4AE226C26A34C180076B677 /* LazyGridsDemoUITests.swift in Sources */,
			);
			runOnlyForDeploymentPostprocessing = 0;
		};
/* End PBXSourcesBuildPhase section */

/* Begin PBXTargetDependency section */
		B4AE225E26A34C180076B677 /* PBXTargetDependency */ = {
			isa = PBXTargetDependency;
			target = B4AE224A26A34C170076B677 /* LazyGridsDemo */;
			targetProxy = B4AE225D26A34C180076B677 /* PBXContainerItemProxy */;
		};
		B4AE226926A34C180076B677 /* PBXTargetDependency */ = {
			isa = PBXTargetDependency;
			target = B4AE224A26A34C170076B677 /* LazyGridsDemo */;
			targetProxy = B4AE226826A34C180076B677 /* PBXContainerItemProxy */;
		};
/* End PBXTargetDependency section */

/* Begin XCBuildConfiguration section */
		B4AE226E26A34C180076B677 /* Debug */ = {
			isa = XCBuildConfiguration;
			buildSettings = {
				ALWAYS_SEARCH_USER_PATHS = NO;
				CLANG_ANALYZER_NONNULL = YES;
				CLANG_ANALYZER_NUMBER_OBJECT_CONVERSION = YES_AGGRESSIVE;
				CLANG_CXX_LANGUAGE_STANDARD = "gnu++14";
				CLANG_CXX_LIBRARY = "libc++";
				CLANG_ENABLE_MODULES = YES;
				CLANG_ENABLE_OBJC_ARC = YES;
				CLANG_ENABLE_OBJC_WEAK = YES;
				CLANG_WARN_BLOCK_CAPTURE_AUTORELEASING = YES;
				CLANG_WARN_BOOL_CONVERSION = YES;
				CLANG_WARN_COMMA = YES;
				CLANG_WARN_CONSTANT_CONVERSION = YES;
				CLANG_WARN_DEPRECATED_OBJC_IMPLEMENTATIONS = YES;
				CLANG_WARN_DIRECT_OBJC_ISA_USAGE = YES_ERROR;
				CLANG_WARN_DOCUMENTATION_COMMENTS = YES;
				CLANG_WARN_EMPTY_BODY = YES;
				CLANG_WARN_ENUM_CONVERSION = YES;
				CLANG_WARN_INFINITE_RECURSION = YES;
				CLANG_WARN_INT_CONVERSION = YES;
				CLANG_WARN_NON_LITERAL_NULL_CONVERSION = YES;
				CLANG_WARN_OBJC_IMPLICIT_RETAIN_SELF = YES;
				CLANG_WARN_OBJC_LITERAL_CONVERSION = YES;
				CLANG_WARN_OBJC_ROOT_CLASS = YES_ERROR;
				CLANG_WARN_QUOTED_INCLUDE_IN_FRAMEWORK_HEADER = YES;
				CLANG_WARN_RANGE_LOOP_ANALYSIS = YES;
				CLANG_WARN_STRICT_PROTOTYPES = YES;
				CLANG_WARN_SUSPICIOUS_MOVE = YES;
				CLANG_WARN_UNGUARDED_AVAILABILITY = YES_AGGRESSIVE;
				CLANG_WARN_UNREACHABLE_CODE = YES;
				CLANG_WARN__DUPLICATE_METHOD_MATCH = YES;
				COPY_PHASE_STRIP = NO;
				DEBUG_INFORMATION_FORMAT = dwarf;
				ENABLE_STRICT_OBJC_MSGSEND = YES;
				ENABLE_TESTABILITY = YES;
				GCC_C_LANGUAGE_STANDARD = gnu11;
				GCC_DYNAMIC_NO_PIC = NO;
				GCC_NO_COMMON_BLOCKS = YES;
				GCC_OPTIMIZATION_LEVEL = 0;
				GCC_PREPROCESSOR_DEFINITIONS = (
					"DEBUG=1",
					"$(inherited)",
				);
				GCC_WARN_64_TO_32_BIT_CONVERSION = YES;
				GCC_WARN_ABOUT_RETURN_TYPE = YES_ERROR;
				GCC_WARN_UNDECLARED_SELECTOR = YES;
				GCC_WARN_UNINITIALIZED_AUTOS = YES_AGGRESSIVE;
				GCC_WARN_UNUSED_FUNCTION = YES;
				GCC_WARN_UNUSED_VARIABLE = YES;
				IPHONEOS_DEPLOYMENT_TARGET = 14.2;
				MTL_ENABLE_DEBUG_INFO = INCLUDE_SOURCE;
				MTL_FAST_MATH = YES;
				ONLY_ACTIVE_ARCH = YES;
				SDKROOT = iphoneos;
				SWIFT_ACTIVE_COMPILATION_CONDITIONS = DEBUG;
				SWIFT_OPTIMIZATION_LEVEL = "-Onone";
			};
			name = Debug;
		};
		B4AE226F26A34C180076B677 /* Release */ = {
			isa = XCBuildConfiguration;
			buildSettings = {
				ALWAYS_SEARCH_USER_PATHS = NO;
				CLANG_ANALYZER_NONNULL = YES;
				CLANG_ANALYZER_NUMBER_OBJECT_CONVERSION = YES_AGGRESSIVE;
				CLANG_CXX_LANGUAGE_STANDARD = "gnu++14";
				CLANG_CXX_LIBRARY = "libc++";
				CLANG_ENABLE_MODULES = YES;
				CLANG_ENABLE_OBJC_ARC = YES;
				CLANG_ENABLE_OBJC_WEAK = YES;
				CLANG_WARN_BLOCK_CAPTURE_AUTORELEASING = YES;
				CLANG_WARN_BOOL_CONVERSION = YES;
				CLANG_WARN_COMMA = YES;
				CLANG_WARN_CONSTANT_CONVERSION = YES;
				CLANG_WARN_DEPRECATED_OBJC_IMPLEMENTATIONS = YES;
				CLANG_WARN_DIRECT_OBJC_ISA_USAGE = YES_ERROR;
				CLANG_WARN_DOCUMENTATION_COMMENTS = YES;
				CLANG_WARN_EMPTY_BODY = YES;
				CLANG_WARN_ENUM_CONVERSION = YES;
				CLANG_WARN_INFINITE_RECURSION = YES;
				CLANG_WARN_INT_CONVERSION = YES;
				CLANG_WARN_NON_LITERAL_NULL_CONVERSION = YES;
				CLANG_WARN_OBJC_IMPLICIT_RETAIN_SELF = YES;
				CLANG_WARN_OBJC_LITERAL_CONVERSION = YES;
				CLANG_WARN_OBJC_ROOT_CLASS = YES_ERROR;
				CLANG_WARN_QUOTED_INCLUDE_IN_FRAMEWORK_HEADER = YES;
				CLANG_WARN_RANGE_LOOP_ANALYSIS = YES;
				CLANG_WARN_STRICT_PROTOTYPES = YES;
				CLANG_WARN_SUSPICIOUS_MOVE = YES;
				CLANG_WARN_UNGUARDED_AVAILABILITY = YES_AGGRESSIVE;
				CLANG_WARN_UNREACHABLE_CODE = YES;
				CLANG_WARN__DUPLICATE_METHOD_MATCH = YES;
				COPY_PHASE_STRIP = NO;
				DEBUG_INFORMATION_FORMAT = "dwarf-with-dsym";
				ENABLE_NS_ASSERTIONS = NO;
				ENABLE_STRICT_OBJC_MSGSEND = YES;
				GCC_C_LANGUAGE_STANDARD = gnu11;
				GCC_NO_COMMON_BLOCKS = YES;
				GCC_WARN_64_TO_32_BIT_CONVERSION = YES;
				GCC_WARN_ABOUT_RETURN_TYPE = YES_ERROR;
				GCC_WARN_UNDECLARED_SELECTOR = YES;
				GCC_WARN_UNINITIALIZED_AUTOS = YES_AGGRESSIVE;
				GCC_WARN_UNUSED_FUNCTION = YES;
				GCC_WARN_UNUSED_VARIABLE = YES;
				IPHONEOS_DEPLOYMENT_TARGET = 14.2;
				MTL_ENABLE_DEBUG_INFO = NO;
				MTL_FAST_MATH = YES;
				SDKROOT = iphoneos;
				SWIFT_COMPILATION_MODE = wholemodule;
				SWIFT_OPTIMIZATION_LEVEL = "-O";
				VALIDATE_PRODUCT = YES;
			};
			name = Release;
		};
		B4AE227126A34C180076B677 /* Debug */ = {
			isa = XCBuildConfiguration;
			buildSettings = {
				ASSETCATALOG_COMPILER_APPICON_NAME = AppIcon;
				ASSETCATALOG_COMPILER_GLOBAL_ACCENT_COLOR_NAME = AccentColor;
				CODE_SIGN_STYLE = Automatic;
				DEVELOPMENT_ASSET_PATHS = "\"LazyGridsDemo/Preview Content\"";
				DEVELOPMENT_TEAM = 56RW28U66L;
				ENABLE_PREVIEWS = YES;
				INFOPLIST_FILE = LazyGridsDemo/Info.plist;
				IPHONEOS_DEPLOYMENT_TARGET = 14.0;
				LD_RUNPATH_SEARCH_PATHS = (
					"$(inherited)",
					"@executable_path/Frameworks",
				);
				PRODUCT_BUNDLE_IDENTIFIER = com.brusoft.LazyGridsDemo;
				PRODUCT_NAME = "$(TARGET_NAME)";
				SWIFT_VERSION = 5.0;
				TARGETED_DEVICE_FAMILY = "1,2";
			};
			name = Debug;
		};
		B4AE227226A34C180076B677 /* Release */ = {
			isa = XCBuildConfiguration;
			buildSettings = {
				ASSETCATALOG_COMPILER_APPICON_NAME = AppIcon;
				ASSETCATALOG_COMPILER_GLOBAL_ACCENT_COLOR_NAME = AccentColor;
				CODE_SIGN_STYLE = Automatic;
				DEVELOPMENT_ASSET_PATHS = "\"LazyGridsDemo/Preview Content\"";
				DEVELOPMENT_TEAM = 56RW28U66L;
				ENABLE_PREVIEWS = YES;
				INFOPLIST_FILE = LazyGridsDemo/Info.plist;
				IPHONEOS_DEPLOYMENT_TARGET = 14.0;
				LD_RUNPATH_SEARCH_PATHS = (
					"$(inherited)",
					"@executable_path/Frameworks",
				);
				PRODUCT_BUNDLE_IDENTIFIER = com.brusoft.LazyGridsDemo;
				PRODUCT_NAME = "$(TARGET_NAME)";
				SWIFT_VERSION = 5.0;
				TARGETED_DEVICE_FAMILY = "1,2";
			};
			name = Release;
		};
		B4AE227426A34C180076B677 /* Debug */ = {
			isa = XCBuildConfiguration;
			buildSettings = {
				ALWAYS_EMBED_SWIFT_STANDARD_LIBRARIES = YES;
				BUNDLE_LOADER = "$(TEST_HOST)";
				CODE_SIGN_STYLE = Automatic;
				DEVELOPMENT_TEAM = 56RW28U66L;
				INFOPLIST_FILE = LazyGridsDemoTests/Info.plist;
				IPHONEOS_DEPLOYMENT_TARGET = 14.0;
				LD_RUNPATH_SEARCH_PATHS = (
					"$(inherited)",
					"@executable_path/Frameworks",
					"@loader_path/Frameworks",
				);
				PRODUCT_BUNDLE_IDENTIFIER = com.brusoft.LazyGridsDemoTests;
				PRODUCT_NAME = "$(TARGET_NAME)";
				SWIFT_VERSION = 5.0;
				TARGETED_DEVICE_FAMILY = "1,2";
				TEST_HOST = "$(BUILT_PRODUCTS_DIR)/LazyGridsDemo.app/LazyGridsDemo";
			};
			name = Debug;
		};
		B4AE227526A34C180076B677 /* Release */ = {
			isa = XCBuildConfiguration;
			buildSettings = {
				ALWAYS_EMBED_SWIFT_STANDARD_LIBRARIES = YES;
				BUNDLE_LOADER = "$(TEST_HOST)";
				CODE_SIGN_STYLE = Automatic;
				DEVELOPMENT_TEAM = 56RW28U66L;
				INFOPLIST_FILE = LazyGridsDemoTests/Info.plist;
				IPHONEOS_DEPLOYMENT_TARGET = 14.0;
				LD_RUNPATH_SEARCH_PATHS = (
					"$(inherited)",
					"@executable_path/Frameworks",
					"@loader_path/Frameworks",
				);
				PRODUCT_BUNDLE_IDENTIFIER = com.brusoft.LazyGridsDemoTests;
				PRODUCT_NAME = "$(TARGET_NAME)";
				SWIFT_VERSION = 5.0;
				TARGETED_DEVICE_FAMILY = "1,2";
				TEST_HOST = "$(BUILT_PRODUCTS_DIR)/LazyGridsDemo.app/LazyGridsDemo";
			};
			name = Release;
		};
		B4AE227726A34C180076B677 /* Debug */ = {
			isa = XCBuildConfiguration;
			buildSettings = {
				ALWAYS_EMBED_SWIFT_STANDARD_LIBRARIES = YES;
				CODE_SIGN_STYLE = Automatic;
				DEVELOPMENT_TEAM = 56RW28U66L;
				INFOPLIST_FILE = LazyGridsDemoUITests/Info.plist;
				LD_RUNPATH_SEARCH_PATHS = (
					"$(inherited)",
					"@executable_path/Frameworks",
					"@loader_path/Frameworks",
				);
				PRODUCT_BUNDLE_IDENTIFIER = com.brusoft.LazyGridsDemoUITests;
				PRODUCT_NAME = "$(TARGET_NAME)";
				SWIFT_VERSION = 5.0;
				TARGETED_DEVICE_FAMILY = "1,2";
				TEST_TARGET_NAME = LazyGridsDemo;
			};
			name = Debug;
		};
		B4AE227826A34C180076B677 /* Release */ = {
			isa = XCBuildConfiguration;
			buildSettings = {
				ALWAYS_EMBED_SWIFT_STANDARD_LIBRARIES = YES;
				CODE_SIGN_STYLE = Automatic;
				DEVELOPMENT_TEAM = 56RW28U66L;
				INFOPLIST_FILE = LazyGridsDemoUITests/Info.plist;
				LD_RUNPATH_SEARCH_PATHS = (
					"$(inherited)",
					"@executable_path/Frameworks",
					"@loader_path/Frameworks",
				);
				PRODUCT_BUNDLE_IDENTIFIER = com.brusoft.LazyGridsDemoUITests;
				PRODUCT_NAME = "$(TARGET_NAME)";
				SWIFT_VERSION = 5.0;
				TARGETED_DEVICE_FAMILY = "1,2";
				TEST_TARGET_NAME = LazyGridsDemo;
			};
			name = Release;
		};
/* End XCBuildConfiguration section */

/* Begin XCConfigurationList section */
		B4AE224626A34C170076B677 /* Build configuration list for PBXProject "LazyGridsDemo" */ = {
			isa = XCConfigurationList;
			buildConfigurations = (
				B4AE226E26A34C180076B677 /* Debug */,
				B4AE226F26A34C180076B677 /* Release */,
			);
			defaultConfigurationIsVisible = 0;
			defaultConfigurationName = Release;
		};
		B4AE227026A34C180076B677 /* Build configuration list for PBXNativeTarget "LazyGridsDemo" */ = {
			isa = XCConfigurationList;
			buildConfigurations = (
				B4AE227126A34C180076B677 /* Debug */,
				B4AE227226A34C180076B677 /* Release */,
			);
			defaultConfigurationIsVisible = 0;
			defaultConfigurationName = Release;
		};
		B4AE227326A34C180076B677 /* Build configuration list for PBXNativeTarget "LazyGridsDemoTests" */ = {
			isa = XCConfigurationList;
			buildConfigurations = (
				B4AE227426A34C180076B677 /* Debug */,
				B4AE227526A34C180076B677 /* Release */,
			);
			defaultConfigurationIsVisible = 0;
			defaultConfigurationName = Release;
		};
		B4AE227626A34C180076B677 /* Build configuration list for PBXNativeTarget "LazyGridsDemoUITests" */ = {
			isa = XCConfigurationList;
			buildConfigurations = (
				B4AE227726A34C180076B677 /* Debug */,
				B4AE227826A34C180076B677 /* Release */,
			);
			defaultConfigurationIsVisible = 0;
			defaultConfigurationName = Release;
		};
/* End XCConfigurationList section */
	};
	rootObject = B4AE224326A34C170076B677 /* Project object */;
}
